
Microsoft Visual Studio Solution File, Format Version 12.00
# Visual Studio Version 16
VisualStudioVersion = 16.6.30114.105
MinimumVisualStudioVersion = 10.0.40219.1
Project("{2150E333-8FDC-42A3-9474-1A3956D46DE8}") = "src", "src", "{26F8241A-31B8-489C-895C-54EF24590177}"
EndProject
Project("{FAE04EC0-301F-11D3-BF4B-00C04F79EFBC}") = "Sinuka.WebAPIs", "src\Sinuka.WebAPIs\Sinuka.WebAPIs.csproj", "{98055C04-358A-4D94-ACAF-DAD3A32BC2E9}"
EndProject
Project("{FAE04EC0-301F-11D3-BF4B-00C04F79EFBC}") = "Sinuka.Application", "src\Sinuka.Application\Sinuka.Application.csproj", "{9A4454E4-FB90-4739-9C71-D98FCF4E0284}"
EndProject
Project("{FAE04EC0-301F-11D3-BF4B-00C04F79EFBC}") = "Sinuka.Core", "src\Sinuka.Core\Sinuka.Core.csproj", "{862E01E7-332A-4F7F-89BF-879D9D436C4B}"
EndProject
Project("{FAE04EC0-301F-11D3-BF4B-00C04F79EFBC}") = "Sinuka.Infrastructure", "src\Sinuka.Infrastructure\Sinuka.Infrastructure.csproj", "{91F323FA-722A-47A9-A110-3FBA4D2EAE0E}"
EndProject
Project("{2150E333-8FDC-42A3-9474-1A3956D46DE8}") = "Sinuka.Tests", "Sinuka.Tests", "{CFA3C16F-8F92-476D-A1E2-9746C76F8ED3}"
EndProject
Project("{FAE04EC0-301F-11D3-BF4B-00C04F79EFBC}") = "Sinuka.Tests.IntegrationTests", "src\Sinuka.Tests\IntegrationTests\Sinuka.Tests.IntegrationTests.csproj", "{110746A1-809C-4EB5-B464-8BEFB4F4263B}"
EndProject
Project("{FAE04EC0-301F-11D3-BF4B-00C04F79EFBC}") = "Sinuka.Tests.UnitTests", "src\Sinuka.Tests\UnitTests\Sinuka.Tests.UnitTests.csproj", "{4041F3C2-2486-4CDA-BC25-B8BCE8C912A2}"
EndProject
Global
	GlobalSection(SolutionConfigurationPlatforms) = preSolution
		Debug|Any CPU = Debug|Any CPU
		Debug|x64 = Debug|x64
		Debug|x86 = Debug|x86
		Release|Any CPU = Release|Any CPU
		Release|x64 = Release|x64
		Release|x86 = Release|x86
	EndGlobalSection
	GlobalSection(SolutionProperties) = preSolution
		HideSolutionNode = FALSE
	EndGlobalSection
	GlobalSection(ProjectConfigurationPlatforms) = postSolution
		{98055C04-358A-4D94-ACAF-DAD3A32BC2E9}.Debug|Any CPU.ActiveCfg = Debug|Any CPU
		{98055C04-358A-4D94-ACAF-DAD3A32BC2E9}.Debug|Any CPU.Build.0 = Debug|Any CPU
		{98055C04-358A-4D94-ACAF-DAD3A32BC2E9}.Debug|x64.ActiveCfg = Debug|Any CPU
		{98055C04-358A-4D94-ACAF-DAD3A32BC2E9}.Debug|x64.Build.0 = Debug|Any CPU
		{98055C04-358A-4D94-ACAF-DAD3A32BC2E9}.Debug|x86.ActiveCfg = Debug|Any CPU
		{98055C04-358A-4D94-ACAF-DAD3A32BC2E9}.Debug|x86.Build.0 = Debug|Any CPU
		{98055C04-358A-4D94-ACAF-DAD3A32BC2E9}.Release|Any CPU.ActiveCfg = Release|Any CPU
		{98055C04-358A-4D94-ACAF-DAD3A32BC2E9}.Release|Any CPU.Build.0 = Release|Any CPU
		{98055C04-358A-4D94-ACAF-DAD3A32BC2E9}.Release|x64.ActiveCfg = Release|Any CPU
		{98055C04-358A-4D94-ACAF-DAD3A32BC2E9}.Release|x64.Build.0 = Release|Any CPU
		{98055C04-358A-4D94-ACAF-DAD3A32BC2E9}.Release|x86.ActiveCfg = Release|Any CPU
		{98055C04-358A-4D94-ACAF-DAD3A32BC2E9}.Release|x86.Build.0 = Release|Any CPU
		{9A4454E4-FB90-4739-9C71-D98FCF4E0284}.Debug|Any CPU.ActiveCfg = Debug|Any CPU
		{9A4454E4-FB90-4739-9C71-D98FCF4E0284}.Debug|Any CPU.Build.0 = Debug|Any CPU
		{9A4454E4-FB90-4739-9C71-D98FCF4E0284}.Debug|x64.ActiveCfg = Debug|Any CPU
		{9A4454E4-FB90-4739-9C71-D98FCF4E0284}.Debug|x64.Build.0 = Debug|Any CPU
		{9A4454E4-FB90-4739-9C71-D98FCF4E0284}.Debug|x86.ActiveCfg = Debug|Any CPU
		{9A4454E4-FB90-4739-9C71-D98FCF4E0284}.Debug|x86.Build.0 = Debug|Any CPU
		{9A4454E4-FB90-4739-9C71-D98FCF4E0284}.Release|Any CPU.ActiveCfg = Release|Any CPU
		{9A4454E4-FB90-4739-9C71-D98FCF4E0284}.Release|Any CPU.Build.0 = Release|Any CPU
		{9A4454E4-FB90-4739-9C71-D98FCF4E0284}.Release|x64.ActiveCfg = Release|Any CPU
		{9A4454E4-FB90-4739-9C71-D98FCF4E0284}.Release|x64.Build.0 = Release|Any CPU
		{9A4454E4-FB90-4739-9C71-D98FCF4E0284}.Release|x86.ActiveCfg = Release|Any CPU
		{9A4454E4-FB90-4739-9C71-D98FCF4E0284}.Release|x86.Build.0 = Release|Any CPU
		{862E01E7-332A-4F7F-89BF-879D9D436C4B}.Debug|Any CPU.ActiveCfg = Debug|Any CPU
		{862E01E7-332A-4F7F-89BF-879D9D436C4B}.Debug|Any CPU.Build.0 = Debug|Any CPU
		{862E01E7-332A-4F7F-89BF-879D9D436C4B}.Debug|x64.ActiveCfg = Debug|Any CPU
		{862E01E7-332A-4F7F-89BF-879D9D436C4B}.Debug|x64.Build.0 = Debug|Any CPU
		{862E01E7-332A-4F7F-89BF-879D9D436C4B}.Debug|x86.ActiveCfg = Debug|Any CPU
		{862E01E7-332A-4F7F-89BF-879D9D436C4B}.Debug|x86.Build.0 = Debug|Any CPU
		{862E01E7-332A-4F7F-89BF-879D9D436C4B}.Release|Any CPU.ActiveCfg = Release|Any CPU
		{862E01E7-332A-4F7F-89BF-879D9D436C4B}.Release|Any CPU.Build.0 = Release|Any CPU
		{862E01E7-332A-4F7F-89BF-879D9D436C4B}.Release|x64.ActiveCfg = Release|Any CPU
		{862E01E7-332A-4F7F-89BF-879D9D436C4B}.Release|x64.Build.0 = Release|Any CPU
		{862E01E7-332A-4F7F-89BF-879D9D436C4B}.Release|x86.ActiveCfg = Release|Any CPU
		{862E01E7-332A-4F7F-89BF-879D9D436C4B}.Release|x86.Build.0 = Release|Any CPU
		{91F323FA-722A-47A9-A110-3FBA4D2EAE0E}.Debug|Any CPU.ActiveCfg = Debug|Any CPU
		{91F323FA-722A-47A9-A110-3FBA4D2EAE0E}.Debug|Any CPU.Build.0 = Debug|Any CPU
		{91F323FA-722A-47A9-A110-3FBA4D2EAE0E}.Debug|x64.ActiveCfg = Debug|Any CPU
		{91F323FA-722A-47A9-A110-3FBA4D2EAE0E}.Debug|x64.Build.0 = Debug|Any CPU
		{91F323FA-722A-47A9-A110-3FBA4D2EAE0E}.Debug|x86.ActiveCfg = Debug|Any CPU
		{91F323FA-722A-47A9-A110-3FBA4D2EAE0E}.Debug|x86.Build.0 = Debug|Any CPU
		{91F323FA-722A-47A9-A110-3FBA4D2EAE0E}.Release|Any CPU.ActiveCfg = Release|Any CPU
		{91F323FA-722A-47A9-A110-3FBA4D2EAE0E}.Release|Any CPU.Build.0 = Release|Any CPU
		{91F323FA-722A-47A9-A110-3FBA4D2EAE0E}.Release|x64.ActiveCfg = Release|Any CPU
		{91F323FA-722A-47A9-A110-3FBA4D2EAE0E}.Release|x64.Build.0 = Release|Any CPU
		{91F323FA-722A-47A9-A110-3FBA4D2EAE0E}.Release|x86.ActiveCfg = Release|Any CPU
		{91F323FA-722A-47A9-A110-3FBA4D2EAE0E}.Release|x86.Build.0 = Release|Any CPU
		{110746A1-809C-4EB5-B464-8BEFB4F4263B}.Debug|Any CPU.ActiveCfg = Debug|Any CPU
		{110746A1-809C-4EB5-B464-8BEFB4F4263B}.Debug|Any CPU.Build.0 = Debug|Any CPU
		{110746A1-809C-4EB5-B464-8BEFB4F4263B}.Debug|x64.ActiveCfg = Debug|Any CPU
		{110746A1-809C-4EB5-B464-8BEFB4F4263B}.Debug|x64.Build.0 = Debug|Any CPU
		{110746A1-809C-4EB5-B464-8BEFB4F4263B}.Debug|x86.ActiveCfg = Debug|Any CPU
		{110746A1-809C-4EB5-B464-8BEFB4F4263B}.Debug|x86.Build.0 = Debug|Any CPU
		{110746A1-809C-4EB5-B464-8BEFB4F4263B}.Release|Any CPU.ActiveCfg = Release|Any CPU
		{110746A1-809C-4EB5-B464-8BEFB4F4263B}.Release|Any CPU.Build.0 = Release|Any CPU
		{110746A1-809C-4EB5-B464-8BEFB4F4263B}.Release|x64.ActiveCfg = Release|Any CPU
		{110746A1-809C-4EB5-B464-8BEFB4F4263B}.Release|x64.Build.0 = Release|Any CPU
		{110746A1-809C-4EB5-B464-8BEFB4F4263B}.Release|x86.ActiveCfg = Release|Any CPU
		{110746A1-809C-4EB5-B464-8BEFB4F4263B}.Release|x86.Build.0 = Release|Any CPU
		{4041F3C2-2486-4CDA-BC25-B8BCE8C912A2}.Debug|Any CPU.ActiveCfg = Debug|Any CPU
		{4041F3C2-2486-4CDA-BC25-B8BCE8C912A2}.Debug|Any CPU.Build.0 = Debug|Any CPU
		{4041F3C2-2486-4CDA-BC25-B8BCE8C912A2}.Debug|x64.ActiveCfg = Debug|Any CPU
		{4041F3C2-2486-4CDA-BC25-B8BCE8C912A2}.Debug|x64.Build.0 = Debug|Any CPU
		{4041F3C2-2486-4CDA-BC25-B8BCE8C912A2}.Debug|x86.ActiveCfg = Debug|Any CPU
		{4041F3C2-2486-4CDA-BC25-B8BCE8C912A2}.Debug|x86.Build.0 = Debug|Any CPU
		{4041F3C2-2486-4CDA-BC25-B8BCE8C912A2}.Release|Any CPU.ActiveCfg = Release|Any CPU
		{4041F3C2-2486-4CDA-BC25-B8BCE8C912A2}.Release|Any CPU.Build.0 = Release|Any CPU
		{4041F3C2-2486-4CDA-BC25-B8BCE8C912A2}.Release|x64.ActiveCfg = Release|Any CPU
		{4041F3C2-2486-4CDA-BC25-B8BCE8C912A2}.Release|x64.Build.0 = Release|Any CPU
		{4041F3C2-2486-4CDA-BC25-B8BCE8C912A2}.Release|x86.ActiveCfg = Release|Any CPU
		{4041F3C2-2486-4CDA-BC25-B8BCE8C912A2}.Release|x86.Build.0 = Release|Any CPU
	EndGlobalSection
	GlobalSection(NestedProjects) = preSolution
		{98055C04-358A-4D94-ACAF-DAD3A32BC2E9} = {26F8241A-31B8-489C-895C-54EF24590177}
		{9A4454E4-FB90-4739-9C71-D98FCF4E0284} = {26F8241A-31B8-489C-895C-54EF24590177}
		{862E01E7-332A-4F7F-89BF-879D9D436C4B} = {26F8241A-31B8-489C-895C-54EF24590177}
		{91F323FA-722A-47A9-A110-3FBA4D2EAE0E} = {26F8241A-31B8-489C-895C-54EF24590177}
		{CFA3C16F-8F92-476D-A1E2-9746C76F8ED3} = {26F8241A-31B8-489C-895C-54EF24590177}
		{110746A1-809C-4EB5-B464-8BEFB4F4263B} = {CFA3C16F-8F92-476D-A1E2-9746C76F8ED3}
		{4041F3C2-2486-4CDA-BC25-B8BCE8C912A2} = {CFA3C16F-8F92-476D-A1E2-9746C76F8ED3}
	EndGlobalSection
EndGlobal
